
Microsoft Visual Studio Solution File, Format Version 11.00
# Visual Studio 2010
Project("{8BC9CEB8-8B4A-11D0-8D11-00A0C91BC942}") = "Factory", "Factory.vcxproj", "{4913E303-3F7E-3D68-0894-0A292081185F}"
EndProject
Project("{8BC9CEB8-8B4A-11D0-8D11-00A0C91BC942}") = "SimRobotCore2", "SimRobotCore2.vcxproj", "{5613E503-DA05-3D4A-0831-0A85720DEA98}"
EndProject
Project("{8BC9CEB8-8B4A-11D0-8D11-00A0C91BC942}") = "SimpleVehicle", "SimpleVehicle.vcxproj", "{87780203-8A05-A66C-0831-6F2990E1855F}"
EndProject
Project("{8BC9CEB8-8B4A-11D0-8D11-00A0C91BC942}") = "SimRobotEditor", "SimRobotEditor.vcxproj", "{56F4A703-A805-3D4C-0831-0A29E6718598}"
EndProject
Project("{8BC9CEB8-8B4A-11D0-8D11-00A0C91BC942}") = "SimRobot", "SimRobot.vcxproj", "{5613E503-A805-3D07-0831-0A29720D8598}"
EndProject
Project("{8BC9CEB8-8B4A-11D0-8D11-00A0C91BC942}") = "SimRobotHelp", "SimRobotHelp.vcxproj", "{BB13E573-A805-A94F-0831-0A29720D8598}"
EndProject
Project("{2150E333-8FDC-42A3-9474-1A3956D46DE8}") = "Modules", "Modules", "{4F130203-3F05-3D69-0831-7D292076185F}"
EndProject
Project("{2150E333-8FDC-42A3-9474-1A3956D46DE8}") = "Controllers", "Controllers", "{46130277-8E6A-3D07-E631-0AF4200D8B5F}"
EndProject
Global
	GlobalSection(SolutionConfigurationPlatforms) = preSolution
		Debug|Win32 = Debug|Win32
		Release|Win32 = Release|Win32
	EndGlobalSection
	GlobalSection(ProjectConfigurationPlatforms) = postSolution
		{4913E303-3F7E-3D68-0894-0A292081185F}.Debug|Win32.ActiveCfg = Debug|Win32
		{4913E303-3F7E-3D68-0894-0A292081185F}.Debug|Win32.Build.0 = Debug|Win32
		{4913E303-3F7E-3D68-0894-0A292081185F}.Release|Win32.ActiveCfg = Release|Win32
		{4913E303-3F7E-3D68-0894-0A292081185F}.Release|Win32.Build.0 = Release|Win32
		{5613E503-DA05-3D4A-0831-0A85720DEA98}.Debug|Win32.ActiveCfg = Debug|Win32
		{5613E503-DA05-3D4A-0831-0A85720DEA98}.Debug|Win32.Build.0 = Debug|Win32
		{5613E503-DA05-3D4A-0831-0A85720DEA98}.Release|Win32.ActiveCfg = Release|Win32
		{5613E503-DA05-3D4A-0831-0A85720DEA98}.Release|Win32.Build.0 = Release|Win32
		{87780203-8A05-A66C-0831-6F2990E1855F}.Debug|Win32.ActiveCfg = Debug|Win32
		{87780203-8A05-A66C-0831-6F2990E1855F}.Debug|Win32.Build.0 = Debug|Win32
		{87780203-8A05-A66C-0831-6F2990E1855F}.Release|Win32.ActiveCfg = Release|Win32
		{87780203-8A05-A66C-0831-6F2990E1855F}.Release|Win32.Build.0 = Release|Win32
		{56F4A703-A805-3D4C-0831-0A29E6718598}.Debug|Win32.ActiveCfg = Debug|Win32
		{56F4A703-A805-3D4C-0831-0A29E6718598}.Debug|Win32.Build.0 = Debug|Win32
		{56F4A703-A805-3D4C-0831-0A29E6718598}.Release|Win32.ActiveCfg = Release|Win32
		{56F4A703-A805-3D4C-0831-0A29E6718598}.Release|Win32.Build.0 = Release|Win32
		{5613E503-A805-3D07-0831-0A29720D8598}.Debug|Win32.ActiveCfg = Debug|Win32
		{5613E503-A805-3D07-0831-0A29720D8598}.Debug|Win32.Build.0 = Debug|Win32
		{5613E503-A805-3D07-0831-0A29720D8598}.Release|Win32.ActiveCfg = Release|Win32
		{5613E503-A805-3D07-0831-0A29720D8598}.Release|Win32.Build.0 = Release|Win32
		{BB13E573-A805-A94F-0831-0A29720D8598}.Debug|Win32.ActiveCfg = Debug|Win32
		{BB13E573-A805-A94F-0831-0A29720D8598}.Debug|Win32.Build.0 = Debug|Win32
		{BB13E573-A805-A94F-0831-0A29720D8598}.Release|Win32.ActiveCfg = Release|Win32
		{BB13E573-A805-A94F-0831-0A29720D8598}.Release|Win32.Build.0 = Release|Win32
	EndGlobalSection
	GlobalSection(SolutionProperties) = preSolution
		HideSolutionNode = FALSE
	EndGlobalSection
	GlobalSection(NestedProjects) = preSolution
		{87780203-8A05-A66C-0831-6F2990E1855F} = {46130277-8E6A-3D07-E631-0AF4200D8B5F}
		{4913E303-3F7E-3D68-0894-0A292081185F} = {46130277-8E6A-3D07-E631-0AF4200D8B5F}
		{56F4A703-A805-3D4C-0831-0A29E6718598} = {4F130203-3F05-3D69-0831-7D292076185F}
		{BB13E573-A805-A94F-0831-0A29720D8598} = {4F130203-3F05-3D69-0831-7D292076185F}
		{5613E503-DA05-3D4A-0831-0A85720DEA98} = {4F130203-3F05-3D69-0831-7D292076185F}
	EndGlobalSection
EndGlobal
