<?xml version="1.0" encoding="utf-8"?>
<Project ToolsVersion="4.0" xmlns="http://schemas.microsoft.com/developer/msbuild/2003">
  <ItemGroup>
    <Filter Include="Help">
      <UniqueIdentifier>{4B130203-3F05-3D07-0896-0A29900D18CB}</UniqueIdentifier>
    </Filter>
    <Filter Include="Help\rosiml">
      <UniqueIdentifier>{4B7C0203-3F05-3D07-0881-7C9690A518CB}</UniqueIdentifier>
    </Filter>
    <Filter Include="Help\basics">
      <UniqueIdentifier>{4B86026C-3F05-3D07-0896-6C299096189F}</UniqueIdentifier>
    </Filter>
    <Filter Include="Help\Icons">
      <UniqueIdentifier>{4B130203-A205-3D7A-E596-5329906918CB}</UniqueIdentifier>
    </Filter>
    <Filter Include="Help\api">
      <UniqueIdentifier>{4B130203-3F05-3D07-0896-6B2980D218CB}</UniqueIdentifier>
    </Filter>
    <Filter Include="Help\console">
      <UniqueIdentifier>{4BEE0203-3F05-3D07-0896-6D2990DCADCB}</UniqueIdentifier>
    </Filter>
    <Filter Include="Help\interface">
      <UniqueIdentifier>{4B790277-AD05-3D07-CE96-D6299069EFCB}</UniqueIdentifier>
    </Filter>
    <Filter Include="Help\examples">
      <UniqueIdentifier>{C3130203-3F05-3D6C-08B3-DB9690DC18CB}</UniqueIdentifier>
    </Filter>
    <Filter Include="Help\faq">
      <UniqueIdentifier>{4B740274-3F05-3D07-0896-7029906918CB}</UniqueIdentifier>
    </Filter>
    <Filter Include="Icons">
      <UniqueIdentifier>{4C130203-3F05-3D07-0831-6D292080F55F}</UniqueIdentifier>
    </Filter>
    <Filter Include=".Qt">
      <UniqueIdentifier>{31870203-3F05-3D07-0831-0A29200D18B0}</UniqueIdentifier>
    </Filter>
  </ItemGroup>
  <ItemGroup>
    <ClCompile Include=".\..\Build\SimRobotHelp\Win32\Debug\qrc_SimRobotHelp.cpp">
      <Filter>.Qt</Filter>
    </ClCompile>
    <ClCompile Include=".\..\Build\SimRobotHelp\Win32\Debug\moc_HelpWidget.cpp">
      <Filter>.Qt</Filter>
    </ClCompile>
    <ClCompile Include=".\..\Build\SimRobotHelp\Win32\Release\qrc_SimRobotHelp.cpp">
      <Filter>.Qt</Filter>
    </ClCompile>
    <ClCompile Include=".\..\Build\SimRobotHelp\Win32\Release\moc_HelpWidget.cpp">
      <Filter>.Qt</Filter>
    </ClCompile>
  </ItemGroup>
  <ItemGroup>
  </ItemGroup>
  <ItemGroup>
    <None Include="..\Src\SimRobotHelp\Help\Icons\SimRobot.png">
      <Filter>Help\Icons</Filter>
    </None>
    <None Include="..\Src\SimRobotHelp\Help\Icons\app_exit.bmp">
      <Filter>Help\Icons</Filter>
    </None>
    <None Include="..\Src\SimRobotHelp\Help\Icons\app_exit_xp.bmp">
      <Filter>Help\Icons</Filter>
    </None>
    <None Include="..\Src\SimRobotHelp\Help\Icons\architecture.png">
      <Filter>Help\Icons</Filter>
    </None>
    <None Include="..\Src\SimRobotHelp\Help\Icons\crystal_toolbar.bmp">
      <Filter>Help\Icons</Filter>
    </None>
    <None Include="..\Src\SimRobotHelp\Help\Icons\status_bar.bmp">
      <Filter>Help\Icons</Filter>
    </None>
    <None Include="..\Src\SimRobotHelp\Help\Icons\toolbar_camera.bmp">
      <Filter>Help\Icons</Filter>
    </None>
    <None Include="..\Src\SimRobotHelp\Help\Icons\toolbar_clock.bmp">
      <Filter>Help\Icons</Filter>
    </None>
    <None Include="..\Src\SimRobotHelp\Help\Icons\toolbar_color_image.bmp">
      <Filter>Help\Icons</Filter>
    </None>
    <None Include="..\Src\SimRobotHelp\Help\Icons\toolbar_column_graph.bmp">
      <Filter>Help\Icons</Filter>
    </None>
    <None Include="..\Src\SimRobotHelp\Help\Icons\toolbar_copy.bmp">
      <Filter>Help\Icons</Filter>
    </None>
    <None Include="..\Src\SimRobotHelp\Help\Icons\toolbar_cut.bmp">
      <Filter>Help\Icons</Filter>
    </None>
    <None Include="..\Src\SimRobotHelp\Help\Icons\toolbar_drag_and_drop_plane.bmp">
      <Filter>Help\Icons</Filter>
    </None>
    <None Include="..\Src\SimRobotHelp\Help\Icons\toolbar_grid.bmp">
      <Filter>Help\Icons</Filter>
    </None>
    <None Include="..\Src\SimRobotHelp\Help\Icons\toolbar_help.bmp">
      <Filter>Help\Icons</Filter>
    </None>
    <None Include="..\Src\SimRobotHelp\Help\Icons\toolbar_light.bmp">
      <Filter>Help\Icons</Filter>
    </None>
    <None Include="..\Src\SimRobotHelp\Help\Icons\toolbar_line_graph.bmp">
      <Filter>Help\Icons</Filter>
    </None>
    <None Include="..\Src\SimRobotHelp\Help\Icons\toolbar_monochrome_image.bmp">
      <Filter>Help\Icons</Filter>
    </None>
    <None Include="..\Src\SimRobotHelp\Help\Icons\toolbar_motion_blur.bmp">
      <Filter>Help\Icons</Filter>
    </None>
    <None Include="..\Src\SimRobotHelp\Help\Icons\toolbar_new.bmp">
      <Filter>Help\Icons</Filter>
    </None>
    <None Include="..\Src\SimRobotHelp\Help\Icons\toolbar_open.bmp">
      <Filter>Help\Icons</Filter>
    </None>
    <None Include="..\Src\SimRobotHelp\Help\Icons\toolbar_paste.bmp">
      <Filter>Help\Icons</Filter>
    </None>
    <None Include="..\Src\SimRobotHelp\Help\Icons\toolbar_reset.bmp">
      <Filter>Help\Icons</Filter>
    </None>
    <None Include="..\Src\SimRobotHelp\Help\Icons\toolbar_save.bmp">
      <Filter>Help\Icons</Filter>
    </None>
    <None Include="..\Src\SimRobotHelp\Help\Icons\toolbar_search.bmp">
      <Filter>Help\Icons</Filter>
    </None>
    <None Include="..\Src\SimRobotHelp\Help\Icons\toolbar_shader_interface.bmp">
      <Filter>Help\Icons</Filter>
    </None>
    <None Include="..\Src\SimRobotHelp\Help\Icons\toolbar_show_sensors.bmp">
      <Filter>Help\Icons</Filter>
    </None>
    <None Include="..\Src\SimRobotHelp\Help\Icons\toolbar_start.bmp">
      <Filter>Help\Icons</Filter>
    </None>
    <None Include="..\Src\SimRobotHelp\Help\Icons\toolbar_step.bmp">
      <Filter>Help\Icons</Filter>
    </None>
    <None Include="..\Src\SimRobotHelp\Help\Icons\toolbar_stereogram.bmp">
      <Filter>Help\Icons</Filter>
    </None>
    <None Include="..\Src\SimRobotHelp\Help\Icons\toolbar_surface_rendering.bmp">
      <Filter>Help\Icons</Filter>
    </None>
    <None Include="..\Src\SimRobotHelp\Help\Icons\toolbar_tree_view.bmp">
      <Filter>Help\Icons</Filter>
    </None>
    <None Include="..\Src\SimRobotHelp\Help\Icons\toolbar_update_view.bmp">
      <Filter>Help\Icons</Filter>
    </None>
    <None Include="..\Src\SimRobotHelp\Help\Icons\toolbar_view_item.bmp">
      <Filter>Help\Icons</Filter>
    </None>
    <None Include="..\Src\SimRobotHelp\Help\api\api.html">
      <Filter>Help\api</Filter>
    </None>
    <None Include="..\Src\SimRobotHelp\Help\basics\architecture.html">
      <Filter>Help\basics</Filter>
    </None>
    <None Include="..\Src\SimRobotHelp\Help\basics\basics.html">
      <Filter>Help\basics</Filter>
    </None>
    <None Include="..\Src\SimRobotHelp\Help\basics\physics.html">
      <Filter>Help\basics</Filter>
    </None>
    <None Include="..\Src\SimRobotHelp\Help\basics\quickstart.html">
      <Filter>Help\basics</Filter>
    </None>
    <None Include="..\Src\SimRobotHelp\Help\basics\sensing.html">
      <Filter>Help\basics</Filter>
    </None>
    <None Include="..\Src\SimRobotHelp\Help\basics\specification.html">
      <Filter>Help\basics</Filter>
    </None>
    <None Include="..\Src\SimRobotHelp\Help\console\commands.html">
      <Filter>Help\console</Filter>
    </None>
    <None Include="..\Src\SimRobotHelp\Help\examples\examples.html">
      <Filter>Help\examples</Filter>
    </None>
    <None Include="..\Src\SimRobotHelp\Help\faq\faq.html">
      <Filter>Help\faq</Filter>
    </None>
    <None Include="..\Src\SimRobotHelp\Help\how_to_help.html">
      <Filter>Help</Filter>
    </None>
    <None Include="..\Src\SimRobotHelp\Help\index.html">
      <Filter>Help</Filter>
    </None>
    <None Include="..\Src\SimRobotHelp\Help\interface\console.html">
      <Filter>Help\interface</Filter>
    </None>
    <None Include="..\Src\SimRobotHelp\Help\interface\editmenu.html">
      <Filter>Help\interface</Filter>
    </None>
    <None Include="..\Src\SimRobotHelp\Help\interface\editorwindow.html">
      <Filter>Help\interface</Filter>
    </None>
    <None Include="..\Src\SimRobotHelp\Help\interface\filemenu.html">
      <Filter>Help\interface</Filter>
    </None>
    <None Include="..\Src\SimRobotHelp\Help\interface\helpmenu.html">
      <Filter>Help\interface</Filter>
    </None>
    <None Include="..\Src\SimRobotHelp\Help\interface\interface.html">
      <Filter>Help\interface</Filter>
    </None>
    <None Include="..\Src\SimRobotHelp\Help\interface\menus.html">
      <Filter>Help\interface</Filter>
    </None>
    <None Include="..\Src\SimRobotHelp\Help\interface\objectwindow.html">
      <Filter>Help\interface</Filter>
    </None>
    <None Include="..\Src\SimRobotHelp\Help\interface\sensorwindow.html">
      <Filter>Help\interface</Filter>
    </None>
    <None Include="..\Src\SimRobotHelp\Help\interface\simulationmenu.html">
      <Filter>Help\interface</Filter>
    </None>
    <None Include="..\Src\SimRobotHelp\Help\interface\statusbar.html">
      <Filter>Help\interface</Filter>
    </None>
    <None Include="..\Src\SimRobotHelp\Help\interface\toolbar.html">
      <Filter>Help\interface</Filter>
    </None>
    <None Include="..\Src\SimRobotHelp\Help\interface\treewindow.html">
      <Filter>Help\interface</Filter>
    </None>
    <None Include="..\Src\SimRobotHelp\Help\interface\viewmenu.html">
      <Filter>Help\interface</Filter>
    </None>
    <None Include="..\Src\SimRobotHelp\Help\interface\windowmenu.html">
      <Filter>Help\interface</Filter>
    </None>
    <None Include="..\Src\SimRobotHelp\Help\rosiml\rosi.html">
      <Filter>Help\rosiml</Filter>
    </None>
    <None Include="..\Src\SimRobotHelp\Help\rosiml\rosi_controller.html">
      <Filter>Help\rosiml</Filter>
    </None>
    <None Include="..\Src\SimRobotHelp\Help\simrobothelp.css">
      <Filter>Help</Filter>
    </None>
    <None Include="..\Src\SimRobotHelp\Icons\back.png">
      <Filter>Icons</Filter>
    </None>
    <None Include="..\Src\SimRobotHelp\Icons\forward.png">
      <Filter>Icons</Filter>
    </None>
    <None Include="..\Src\SimRobotHelp\Icons\help.png">
      <Filter>Icons</Filter>
    </None>
    <None Include="..\Src\SimRobotHelp\Icons\home.png">
      <Filter>Icons</Filter>
    </None>
    <None Include="..\Src\SimRobotHelp\Icons\locate.png">
      <Filter>Icons</Filter>
    </None>
  </ItemGroup>
  <ItemGroup>
    <CustomBuild Include="..\Src\SimRobotHelp\Help\help.qhp">
      <Filter>Help</Filter>
    </CustomBuild>
    <CustomBuild Include="..\Src\SimRobotHelp\Help\helpcollection.qhcp">
      <Filter>Help</Filter>
    </CustomBuild>
  </ItemGroup>
</Project>