<?xml version="1.0" encoding="utf-8"?>
<Project ToolsVersion="4.0" xmlns="http://schemas.microsoft.com/developer/msbuild/2003">
  <ItemGroup>
    <Filter Include="Icons">
      <UniqueIdentifier>{4C130203-3F05-3D07-0831-6D292080F55F}</UniqueIdentifier>
    </Filter>
    <Filter Include=".Qt">
      <UniqueIdentifier>{31870203-3F05-3D07-0831-0A29200D18B0}</UniqueIdentifier>
    </Filter>
  </ItemGroup>
  <ItemGroup>
    <ClCompile Include=".\..\Build\SimRobotEditor\Win32\Debug\qrc_SimRobotEditor.cpp">
      <Filter>.Qt</Filter>
    </ClCompile>
    <ClCompile Include=".\..\Build\SimRobotEditor\Win32\Debug\moc_EditorWidget.cpp">
      <Filter>.Qt</Filter>
    </ClCompile>
    <ClCompile Include=".\..\Build\SimRobotEditor\Win32\Debug\moc_SyntaxHighlighter.cpp">
      <Filter>.Qt</Filter>
    </ClCompile>
    <ClCompile Include=".\..\Build\SimRobotEditor\Win32\Release\qrc_SimRobotEditor.cpp">
      <Filter>.Qt</Filter>
    </ClCompile>
    <ClCompile Include=".\..\Build\SimRobotEditor\Win32\Release\moc_EditorWidget.cpp">
      <Filter>.Qt</Filter>
    </ClCompile>
    <ClCompile Include=".\..\Build\SimRobotEditor\Win32\Release\moc_SyntaxHighlighter.cpp">
      <Filter>.Qt</Filter>
    </ClCompile>
  </ItemGroup>
  <ItemGroup>
  </ItemGroup>
  <ItemGroup>
    <None Include="..\Src\SimRobotEditor\Icons\page_white_stack.png">
      <Filter>Icons</Filter>
    </None>
    <None Include="..\Src\SimRobotEditor\Icons\page_white_text.png">
      <Filter>Icons</Filter>
    </None>
  </ItemGroup>
  <ItemGroup>
  </ItemGroup>
</Project>